// !$*UTF8*$!
{
	archiveVersion = 1;
	classes = {
	};
	objectVersion = 50;
	objects = {

/* Begin PBXBuildFile section */
		7A8113E822BAE25500921E40 /* AppDelegate.swift in Sources */ = {isa = PBXBuildFile; fileRef = 7A8113E722BAE25500921E40 /* AppDelegate.swift */; };
		7A8113EA22BAE25500921E40 /* ViewController.swift in Sources */ = {isa = PBXBuildFile; fileRef = 7A8113E922BAE25500921E40 /* ViewController.swift */; };
		7A8113ED22BAE25500921E40 /* Main.storyboard in Resources */ = {isa = PBXBuildFile; fileRef = 7A8113EB22BAE25500921E40 /* Main.storyboard */; };
		7A8113EF22BAE25500921E40 /* Assets.xcassets in Resources */ = {isa = PBXBuildFile; fileRef = 7A8113EE22BAE25500921E40 /* Assets.xcassets */; };
		7A8113F222BAE25500921E40 /* LaunchScreen.storyboard in Resources */ = {isa = PBXBuildFile; fileRef = 7A8113F022BAE25500921E40 /* LaunchScreen.storyboard */; };
		7A8113FD22BAE25600921E40 /* SwiftChartsTutorialTests.swift in Sources */ = {isa = PBXBuildFile; fileRef = 7A8113FC22BAE25600921E40 /* SwiftChartsTutorialTests.swift */; };
		7A81140822BAE25600921E40 /* SwiftChartsTutorialUITests.swift in Sources */ = {isa = PBXBuildFile; fileRef = 7A81140722BAE25600921E40 /* SwiftChartsTutorialUITests.swift */; };
		7A81141622BAE3D800921E40 /* PieChartViewController.swift in Sources */ = {isa = PBXBuildFile; fileRef = 7A81141522BAE3D800921E40 /* PieChartViewController.swift */; };
		7A81141822BAE40E00921E40 /* LineChartViewController.swift in Sources */ = {isa = PBXBuildFile; fileRef = 7A81141722BAE40E00921E40 /* LineChartViewController.swift */; };
		7A81141A22BAE44700921E40 /* BarChartViewController.swift in Sources */ = {isa = PBXBuildFile; fileRef = 7A81141922BAE44700921E40 /* BarChartViewController.swift */; };
/* End PBXBuildFile section */

/* Begin PBXContainerItemProxy section */
		7A8113F922BAE25600921E40 /* PBXContainerItemProxy */ = {
			isa = PBXContainerItemProxy;
			containerPortal = 7A8113DC22BAE25500921E40 /* Project object */;
			proxyType = 1;
			remoteGlobalIDString = 7A8113E322BAE25500921E40;
			remoteInfo = SwiftChartsTutorial;
		};
		7A81140422BAE25600921E40 /* PBXContainerItemProxy */ = {
			isa = PBXContainerItemProxy;
			containerPortal = 7A8113DC22BAE25500921E40 /* Project object */;
			proxyType = 1;
			remoteGlobalIDString = 7A8113E322BAE25500921E40;
			remoteInfo = SwiftChartsTutorial;
		};
/* End PBXContainerItemProxy section */

/* Begin PBXFileReference section */
		7A8113E422BAE25500921E40 /* SwiftChartsTutorial.app */ = {isa = PBXFileReference; explicitFileType = wrapper.application; includeInIndex = 0; path = SwiftChartsTutorial.app; sourceTree = BUILT_PRODUCTS_DIR; };
		7A8113E722BAE25500921E40 /* AppDelegate.swift */ = {isa = PBXFileReference; lastKnownFileType = sourcecode.swift; path = AppDelegate.swift; sourceTree = "<group>"; };
		7A8113E922BAE25500921E40 /* ViewController.swift */ = {isa = PBXFileReference; lastKnownFileType = sourcecode.swift; path = ViewController.swift; sourceTree = "<group>"; };
		7A8113EC22BAE25500921E40 /* Base */ = {isa = PBXFileReference; lastKnownFileType = file.storyboard; name = Base; path = Base.lproj/Main.storyboard; sourceTree = "<group>"; };
		7A8113EE22BAE25500921E40 /* Assets.xcassets */ = {isa = PBXFileReference; lastKnownFileType = folder.assetcatalog; path = Assets.xcassets; sourceTree = "<group>"; };
		7A8113F122BAE25500921E40 /* Base */ = {isa = PBXFileReference; lastKnownFileType = file.storyboard; name = Base; path = Base.lproj/LaunchScreen.storyboard; sourceTree = "<group>"; };
		7A8113F322BAE25500921E40 /* Info.plist */ = {isa = PBXFileReference; lastKnownFileType = text.plist.xml; path = Info.plist; sourceTree = "<group>"; };
		7A8113F822BAE25600921E40 /* SwiftChartsTutorialTests.xctest */ = {isa = PBXFileReference; explicitFileType = wrapper.cfbundle; includeInIndex = 0; path = SwiftChartsTutorialTests.xctest; sourceTree = BUILT_PRODUCTS_DIR; };
		7A8113FC22BAE25600921E40 /* SwiftChartsTutorialTests.swift */ = {isa = PBXFileReference; lastKnownFileType = sourcecode.swift; path = SwiftChartsTutorialTests.swift; sourceTree = "<group>"; };
		7A8113FE22BAE25600921E40 /* Info.plist */ = {isa = PBXFileReference; lastKnownFileType = text.plist.xml; path = Info.plist; sourceTree = "<group>"; };
		7A81140322BAE25600921E40 /* SwiftChartsTutorialUITests.xctest */ = {isa = PBXFileReference; explicitFileType = wrapper.cfbundle; includeInIndex = 0; path = SwiftChartsTutorialUITests.xctest; sourceTree = BUILT_PRODUCTS_DIR; };
		7A81140722BAE25600921E40 /* SwiftChartsTutorialUITests.swift */ = {isa = PBXFileReference; lastKnownFileType = sourcecode.swift; path = SwiftChartsTutorialUITests.swift; sourceTree = "<group>"; };
		7A81140922BAE25600921E40 /* Info.plist */ = {isa = PBXFileReference; lastKnownFileType = text.plist.xml; path = Info.plist; sourceTree = "<group>"; };
		7A81141522BAE3D800921E40 /* PieChartViewController.swift */ = {isa = PBXFileReference; lastKnownFileType = sourcecode.swift; path = PieChartViewController.swift; sourceTree = "<group>"; };
		7A81141722BAE40E00921E40 /* LineChartViewController.swift */ = {isa = PBXFileReference; lastKnownFileType = sourcecode.swift; path = LineChartViewController.swift; sourceTree = "<group>"; };
		7A81141922BAE44700921E40 /* BarChartViewController.swift */ = {isa = PBXFileReference; lastKnownFileType = sourcecode.swift; path = BarChartViewController.swift; sourceTree = "<group>"; };
/* End PBXFileReference section */

/* Begin PBXFrameworksBuildPhase section */
		7A8113E122BAE25500921E40 /* Frameworks */ = {
			isa = PBXFrameworksBuildPhase;
			buildActionMask = 2147483647;
			files = (
			);
			runOnlyForDeploymentPostprocessing = 0;
		};
		7A8113F522BAE25600921E40 /* Frameworks */ = {
			isa = PBXFrameworksBuildPhase;
			buildActionMask = 2147483647;
			files = (
			);
			runOnlyForDeploymentPostprocessing = 0;
		};
		7A81140022BAE25600921E40 /* Frameworks */ = {
			isa = PBXFrameworksBuildPhase;
			buildActionMask = 2147483647;
			files = (
			);
			runOnlyForDeploymentPostprocessing = 0;
		};
/* End PBXFrameworksBuildPhase section */

/* Begin PBXGroup section */
		7A8113DB22BAE25500921E40 = {
			isa = PBXGroup;
			children = (
				7A8113E622BAE25500921E40 /* SwiftChartsTutorial */,
				7A8113FB22BAE25600921E40 /* SwiftChartsTutorialTests */,
				7A81140622BAE25600921E40 /* SwiftChartsTutorialUITests */,
				7A8113E522BAE25500921E40 /* Products */,
			);
			sourceTree = "<group>";
		};
		7A8113E522BAE25500921E40 /* Products */ = {
			isa = PBXGroup;
			children = (
				7A8113E422BAE25500921E40 /* SwiftChartsTutorial.app */,
				7A8113F822BAE25600921E40 /* SwiftChartsTutorialTests.xctest */,
				7A81140322BAE25600921E40 /* SwiftChartsTutorialUITests.xctest */,
			);
			name = Products;
			sourceTree = "<group>";
		};
		7A8113E622BAE25500921E40 /* SwiftChartsTutorial */ = {
			isa = PBXGroup;
			children = (
				7A8113E722BAE25500921E40 /* AppDelegate.swift */,
				7A8113E922BAE25500921E40 /* ViewController.swift */,
				7A8113EB22BAE25500921E40 /* Main.storyboard */,
				7A8113EE22BAE25500921E40 /* Assets.xcassets */,
				7A8113F022BAE25500921E40 /* LaunchScreen.storyboard */,
				7A8113F322BAE25500921E40 /* Info.plist */,
				7A81141522BAE3D800921E40 /* PieChartViewController.swift */,
				7A81141722BAE40E00921E40 /* LineChartViewController.swift */,
				7A81141922BAE44700921E40 /* BarChartViewController.swift */,
			);
			path = SwiftChartsTutorial;
			sourceTree = "<group>";
		};
		7A8113FB22BAE25600921E40 /* SwiftChartsTutorialTests */ = {
			isa = PBXGroup;
			children = (
				7A8113FC22BAE25600921E40 /* SwiftChartsTutorialTests.swift */,
				7A8113FE22BAE25600921E40 /* Info.plist */,
			);
			path = SwiftChartsTutorialTests;
			sourceTree = "<group>";
		};
		7A81140622BAE25600921E40 /* SwiftChartsTutorialUITests */ = {
			isa = PBXGroup;
			children = (
				7A81140722BAE25600921E40 /* SwiftChartsTutorialUITests.swift */,
				7A81140922BAE25600921E40 /* Info.plist */,
			);
			path = SwiftChartsTutorialUITests;
			sourceTree = "<group>";
		};
/* End PBXGroup section */

/* Begin PBXNativeTarget section */
		7A8113E322BAE25500921E40 /* SwiftChartsTutorial */ = {
			isa = PBXNativeTarget;
			buildConfigurationList = 7A81140C22BAE25600921E40 /* Build configuration list for PBXNativeTarget "SwiftChartsTutorial" */;
			buildPhases = (
				7A8113E022BAE25500921E40 /* Sources */,
				7A8113E122BAE25500921E40 /* Frameworks */,
				7A8113E222BAE25500921E40 /* Resources */,
			);
			buildRules = (
			);
			dependencies = (
			);
			name = SwiftChartsTutorial;
			productName = SwiftChartsTutorial;
			productReference = 7A8113E422BAE25500921E40 /* SwiftChartsTutorial.app */;
			productType = "com.apple.product-type.application";
		};
		7A8113F722BAE25600921E40 /* SwiftChartsTutorialTests */ = {
			isa = PBXNativeTarget;
			buildConfigurationList = 7A81140F22BAE25600921E40 /* Build configuration list for PBXNativeTarget "SwiftChartsTutorialTests" */;
			buildPhases = (
				7A8113F422BAE25600921E40 /* Sources */,
				7A8113F522BAE25600921E40 /* Frameworks */,
				7A8113F622BAE25600921E40 /* Resources */,
			);
			buildRules = (
			);
			dependencies = (
				7A8113FA22BAE25600921E40 /* PBXTargetDependency */,
			);
			name = SwiftChartsTutorialTests;
			productName = SwiftChartsTutorialTests;
			productReference = 7A8113F822BAE25600921E40 /* SwiftChartsTutorialTests.xctest */;
			productType = "com.apple.product-type.bundle.unit-test";
		};
		7A81140222BAE25600921E40 /* SwiftChartsTutorialUITests */ = {
			isa = PBXNativeTarget;
			buildConfigurationList = 7A81141222BAE25600921E40 /* Build configuration list for PBXNativeTarget "SwiftChartsTutorialUITests" */;
			buildPhases = (
				7A8113FF22BAE25600921E40 /* Sources */,
				7A81140022BAE25600921E40 /* Frameworks */,
				7A81140122BAE25600921E40 /* Resources */,
			);
			buildRules = (
			);
			dependencies = (
				7A81140522BAE25600921E40 /* PBXTargetDependency */,
			);
			name = SwiftChartsTutorialUITests;
			productName = SwiftChartsTutorialUITests;
			productReference = 7A81140322BAE25600921E40 /* SwiftChartsTutorialUITests.xctest */;
			productType = "com.apple.product-type.bundle.ui-testing";
		};
/* End PBXNativeTarget section */

/* Begin PBXProject section */
		7A8113DC22BAE25500921E40 /* Project object */ = {
			isa = PBXProject;
			attributes = {
				LastSwiftUpdateCheck = 1020;
				LastUpgradeCheck = 1020;
				ORGANIZATIONNAME = "Angela Dyrda";
				TargetAttributes = {
					7A8113E322BAE25500921E40 = {
						CreatedOnToolsVersion = 10.2.1;
					};
					7A8113F722BAE25600921E40 = {
						CreatedOnToolsVersion = 10.2.1;
						TestTargetID = 7A8113E322BAE25500921E40;
					};
					7A81140222BAE25600921E40 = {
						CreatedOnToolsVersion = 10.2.1;
						TestTargetID = 7A8113E322BAE25500921E40;
					};
				};
			};
			buildConfigurationList = 7A8113DF22BAE25500921E40 /* Build configuration list for PBXProject "SwiftChartsTutorial" */;
			compatibilityVersion = "Xcode 9.3";
			developmentRegion = en;
			hasScannedForEncodings = 0;
			knownRegions = (
				en,
				Base,
			);
			mainGroup = 7A8113DB22BAE25500921E40;
			productRefGroup = 7A8113E522BAE25500921E40 /* Products */;
			projectDirPath = "";
			projectRoot = "";
			targets = (
				7A8113E322BAE25500921E40 /* SwiftChartsTutorial */,
				7A8113F722BAE25600921E40 /* SwiftChartsTutorialTests */,
				7A81140222BAE25600921E40 /* SwiftChartsTutorialUITests */,
			);
		};
/* End PBXProject section */

/* Begin PBXResourcesBuildPhase section */
		7A8113E222BAE25500921E40 /* Resources */ = {
			isa = PBXResourcesBuildPhase;
			buildActionMask = 2147483647;
			files = (
				7A8113F222BAE25500921E40 /* LaunchScreen.storyboard in Resources */,
				7A8113EF22BAE25500921E40 /* Assets.xcassets in Resources */,
				7A8113ED22BAE25500921E40 /* Main.storyboard in Resources */,
			);
			runOnlyForDeploymentPostprocessing = 0;
		};
		7A8113F622BAE25600921E40 /* Resources */ = {
			isa = PBXResourcesBuildPhase;
			buildActionMask = 2147483647;
			files = (
			);
			runOnlyForDeploymentPostprocessing = 0;
		};
		7A81140122BAE25600921E40 /* Resources */ = {
			isa = PBXResourcesBuildPhase;
			buildActionMask = 2147483647;
			files = (
			);
			runOnlyForDeploymentPostprocessing = 0;
		};
/* End PBXResourcesBuildPhase section */

/* Begin PBXSourcesBuildPhase section */
		7A8113E022BAE25500921E40 /* Sources */ = {
			isa = PBXSourcesBuildPhase;
			buildActionMask = 2147483647;
			files = (
				7A81141622BAE3D800921E40 /* PieChartViewController.swift in Sources */,
				7A81141822BAE40E00921E40 /* LineChartViewController.swift in Sources */,
				7A8113EA22BAE25500921E40 /* ViewController.swift in Sources */,
				7A8113E822BAE25500921E40 /* AppDelegate.swift in Sources */,
				7A81141A22BAE44700921E40 /* BarChartViewController.swift in Sources */,
			);
			runOnlyForDeploymentPostprocessing = 0;
		};
		7A8113F422BAE25600921E40 /* Sources */ = {
			isa = PBXSourcesBuildPhase;
			buildActionMask = 2147483647;
			files = (
				7A8113FD22BAE25600921E40 /* SwiftChartsTutorialTests.swift in Sources */,
			);
			runOnlyForDeploymentPostprocessing = 0;
		};
		7A8113FF22BAE25600921E40 /* Sources */ = {
			isa = PBXSourcesBuildPhase;
			buildActionMask = 2147483647;
			files = (
				7A81140822BAE25600921E40 /* SwiftChartsTutorialUITests.swift in Sources */,
			);
			runOnlyForDeploymentPostprocessing = 0;
		};
/* End PBXSourcesBuildPhase section */

/* Begin PBXTargetDependency section */
		7A8113FA22BAE25600921E40 /* PBXTargetDependency */ = {
			isa = PBXTargetDependency;
			target = 7A8113E322BAE25500921E40 /* SwiftChartsTutorial */;
			targetProxy = 7A8113F922BAE25600921E40 /* PBXContainerItemProxy */;
		};
		7A81140522BAE25600921E40 /* PBXTargetDependency */ = {
			isa = PBXTargetDependency;
			target = 7A8113E322BAE25500921E40 /* SwiftChartsTutorial */;
			targetProxy = 7A81140422BAE25600921E40 /* PBXContainerItemProxy */;
		};
/* End PBXTargetDependency section */

/* Begin PBXVariantGroup section */
		7A8113EB22BAE25500921E40 /* Main.storyboard */ = {
			isa = PBXVariantGroup;
			children = (
				7A8113EC22BAE25500921E40 /* Base */,
			);
			name = Main.storyboard;
			sourceTree = "<group>";
		};
		7A8113F022BAE25500921E40 /* LaunchScreen.storyboard */ = {
			isa = PBXVariantGroup;
			children = (
				7A8113F122BAE25500921E40 /* Base */,
			);
			name = LaunchScreen.storyboard;
			sourceTree = "<group>";
		};
/* End PBXVariantGroup section */

/* Begin XCBuildConfiguration section */
		7A81140A22BAE25600921E40 /* Debug */ = {
			isa = XCBuildConfiguration;
			buildSettings = {
				ALWAYS_SEARCH_USER_PATHS = NO;
				CLANG_ANALYZER_NONNULL = YES;
				CLANG_ANALYZER_NUMBER_OBJECT_CONVERSION = YES_AGGRESSIVE;
				CLANG_CXX_LANGUAGE_STANDARD = "gnu++14";
				CLANG_CXX_LIBRARY = "libc++";
				CLANG_ENABLE_MODULES = YES;
				CLANG_ENABLE_OBJC_ARC = YES;
				CLANG_ENABLE_OBJC_WEAK = YES;
				CLANG_WARN_BLOCK_CAPTURE_AUTORELEASING = YES;
				CLANG_WARN_BOOL_CONVERSION = YES;
				CLANG_WARN_COMMA = YES;
				CLANG_WARN_CONSTANT_CONVERSION = YES;
				CLANG_WARN_DEPRECATED_OBJC_IMPLEMENTATIONS = YES;
				CLANG_WARN_DIRECT_OBJC_ISA_USAGE = YES_ERROR;
				CLANG_WARN_DOCUMENTATION_COMMENTS = YES;
				CLANG_WARN_EMPTY_BODY = YES;
				CLANG_WARN_ENUM_CONVERSION = YES;
				CLANG_WARN_INFINITE_RECURSION = YES;
				CLANG_WARN_INT_CONVERSION = YES;
				CLANG_WARN_NON_LITERAL_NULL_CONVERSION = YES;
				CLANG_WARN_OBJC_IMPLICIT_RETAIN_SELF = YES;
				CLANG_WARN_OBJC_LITERAL_CONVERSION = YES;
				CLANG_WARN_OBJC_ROOT_CLASS = YES_ERROR;
				CLANG_WARN_RANGE_LOOP_ANALYSIS = YES;
				CLANG_WARN_STRICT_PROTOTYPES = YES;
				CLANG_WARN_SUSPICIOUS_MOVE = YES;
				CLANG_WARN_UNGUARDED_AVAILABILITY = YES_AGGRESSIVE;
				CLANG_WARN_UNREACHABLE_CODE = YES;
				CLANG_WARN__DUPLICATE_METHOD_MATCH = YES;
				CODE_SIGN_IDENTITY = "iPhone Developer";
				COPY_PHASE_STRIP = NO;
				DEBUG_INFORMATION_FORMAT = dwarf;
				ENABLE_STRICT_OBJC_MSGSEND = YES;
				ENABLE_TESTABILITY = YES;
				GCC_C_LANGUAGE_STANDARD = gnu11;
				GCC_DYNAMIC_NO_PIC = NO;
				GCC_NO_COMMON_BLOCKS = YES;
				GCC_OPTIMIZATION_LEVEL = 0;
				GCC_PREPROCESSOR_DEFINITIONS = (
					"DEBUG=1",
					"$(inherited)",
				);
				GCC_WARN_64_TO_32_BIT_CONVERSION = YES;
				GCC_WARN_ABOUT_RETURN_TYPE = YES_ERROR;
				GCC_WARN_UNDECLARED_SELECTOR = YES;
				GCC_WARN_UNINITIALIZED_AUTOS = YES_AGGRESSIVE;
				GCC_WARN_UNUSED_FUNCTION = YES;
				GCC_WARN_UNUSED_VARIABLE = YES;
				IPHONEOS_DEPLOYMENT_TARGET = 12.2;
				MTL_ENABLE_DEBUG_INFO = INCLUDE_SOURCE;
				MTL_FAST_MATH = YES;
				ONLY_ACTIVE_ARCH = YES;
				SDKROOT = iphoneos;
				SWIFT_ACTIVE_COMPILATION_CONDITIONS = DEBUG;
				SWIFT_OPTIMIZATION_LEVEL = "-Onone";
			};
			name = Debug;
		};
		7A81140B22BAE25600921E40 /* Release */ = {
			isa = XCBuildConfiguration;
			buildSettings = {
				ALWAYS_SEARCH_USER_PATHS = NO;
				CLANG_ANALYZER_NONNULL = YES;
				CLANG_ANALYZER_NUMBER_OBJECT_CONVERSION = YES_AGGRESSIVE;
				CLANG_CXX_LANGUAGE_STANDARD = "gnu++14";
				CLANG_CXX_LIBRARY = "libc++";
				CLANG_ENABLE_MODULES = YES;
				CLANG_ENABLE_OBJC_ARC = YES;
				CLANG_ENABLE_OBJC_WEAK = YES;
				CLANG_WARN_BLOCK_CAPTURE_AUTORELEASING = YES;
				CLANG_WARN_BOOL_CONVERSION = YES;
				CLANG_WARN_COMMA = YES;
				CLANG_WARN_CONSTANT_CONVERSION = YES;
				CLANG_WARN_DEPRECATED_OBJC_IMPLEMENTATIONS = YES;
				CLANG_WARN_DIRECT_OBJC_ISA_USAGE = YES_ERROR;
				CLANG_WARN_DOCUMENTATION_COMMENTS = YES;
				CLANG_WARN_EMPTY_BODY = YES;
				CLANG_WARN_ENUM_CONVERSION = YES;
				CLANG_WARN_INFINITE_RECURSION = YES;
				CLANG_WARN_INT_CONVERSION = YES;
				CLANG_WARN_NON_LITERAL_NULL_CONVERSION = YES;
				CLANG_WARN_OBJC_IMPLICIT_RETAIN_SELF = YES;
				CLANG_WARN_OBJC_LITERAL_CONVERSION = YES;
				CLANG_WARN_OBJC_ROOT_CLASS = YES_ERROR;
				CLANG_WARN_RANGE_LOOP_ANALYSIS = YES;
				CLANG_WARN_STRICT_PROTOTYPES = YES;
				CLANG_WARN_SUSPICIOUS_MOVE = YES;
				CLANG_WARN_UNGUARDED_AVAILABILITY = YES_AGGRESSIVE;
				CLANG_WARN_UNREACHABLE_CODE = YES;
				CLANG_WARN__DUPLICATE_METHOD_MATCH = YES;
				CODE_SIGN_IDENTITY = "iPhone Developer";
				COPY_PHASE_STRIP = NO;
				DEBUG_INFORMATION_FORMAT = "dwarf-with-dsym";
				ENABLE_NS_ASSERTIONS = NO;
				ENABLE_STRICT_OBJC_MSGSEND = YES;
				GCC_C_LANGUAGE_STANDARD = gnu11;
				GCC_NO_COMMON_BLOCKS = YES;
				GCC_WARN_64_TO_32_BIT_CONVERSION = YES;
				GCC_WARN_ABOUT_RETURN_TYPE = YES_ERROR;
				GCC_WARN_UNDECLARED_SELECTOR = YES;
				GCC_WARN_UNINITIALIZED_AUTOS = YES_AGGRESSIVE;
				GCC_WARN_UNUSED_FUNCTION = YES;
				GCC_WARN_UNUSED_VARIABLE = YES;
				IPHONEOS_DEPLOYMENT_TARGET = 12.2;
				MTL_ENABLE_DEBUG_INFO = NO;
				MTL_FAST_MATH = YES;
				SDKROOT = iphoneos;
				SWIFT_COMPILATION_MODE = wholemodule;
				SWIFT_OPTIMIZATION_LEVEL = "-O";
				VALIDATE_PRODUCT = YES;
			};
			name = Release;
		};
		7A81140D22BAE25600921E40 /* Debug */ = {
			isa = XCBuildConfiguration;
			buildSettings = {
				ASSETCATALOG_COMPILER_APPICON_NAME = AppIcon;
				CODE_SIGN_STYLE = Automatic;
				DEVELOPMENT_TEAM = 2D36RY7798;
				INFOPLIST_FILE = SwiftChartsTutorial/Info.plist;
				LD_RUNPATH_SEARCH_PATHS = (
					"$(inherited)",
					"@executable_path/Frameworks",
				);
				PRODUCT_BUNDLE_IDENTIFIER = com.angeladyrda.swiftchartstutorial.SwiftChartsTutorial;
				PRODUCT_NAME = "$(TARGET_NAME)";
				SWIFT_VERSION = 5.0;
				TARGETED_DEVICE_FAMILY = "1,2";
			};
			name = Debug;
		};
		7A81140E22BAE25600921E40 /* Release */ = {
			isa = XCBuildConfiguration;
			buildSettings = {
				ASSETCATALOG_COMPILER_APPICON_NAME = AppIcon;
				CODE_SIGN_STYLE = Automatic;
				DEVELOPMENT_TEAM = 2D36RY7798;
				INFOPLIST_FILE = SwiftChartsTutorial/Info.plist;
				LD_RUNPATH_SEARCH_PATHS = (
					"$(inherited)",
					"@executable_path/Frameworks",
				);
				PRODUCT_BUNDLE_IDENTIFIER = com.angeladyrda.swiftchartstutorial.SwiftChartsTutorial;
				PRODUCT_NAME = "$(TARGET_NAME)";
				SWIFT_VERSION = 5.0;
				TARGETED_DEVICE_FAMILY = "1,2";
			};
			name = Release;
		};
		7A81141022BAE25600921E40 /* Debug */ = {
			isa = XCBuildConfiguration;
			buildSettings = {
				ALWAYS_EMBED_SWIFT_STANDARD_LIBRARIES = YES;
				BUNDLE_LOADER = "$(TEST_HOST)";
				CODE_SIGN_STYLE = Automatic;
				DEVELOPMENT_TEAM = 2D36RY7798;
				INFOPLIST_FILE = SwiftChartsTutorialTests/Info.plist;
				LD_RUNPATH_SEARCH_PATHS = (
					"$(inherited)",
					"@executable_path/Frameworks",
					"@loader_path/Frameworks",
				);
				PRODUCT_BUNDLE_IDENTIFIER = com.angeladyrda.swiftchartstutorial.SwiftChartsTutorialTests;
				PRODUCT_NAME = "$(TARGET_NAME)";
				SWIFT_VERSION = 5.0;
				TARGETED_DEVICE_FAMILY = "1,2";
				TEST_HOST = "$(BUILT_PRODUCTS_DIR)/SwiftChartsTutorial.app/SwiftChartsTutorial";
			};
			name = Debug;
		};
		7A81141122BAE25600921E40 /* Release */ = {
			isa = XCBuildConfiguration;
			buildSettings = {
				ALWAYS_EMBED_SWIFT_STANDARD_LIBRARIES = YES;
				BUNDLE_LOADER = "$(TEST_HOST)";
				CODE_SIGN_STYLE = Automatic;
				DEVELOPMENT_TEAM = 2D36RY7798;
				INFOPLIST_FILE = SwiftChartsTutorialTests/Info.plist;
				LD_RUNPATH_SEARCH_PATHS = (
					"$(inherited)",
					"@executable_path/Frameworks",
					"@loader_path/Frameworks",
				);
				PRODUCT_BUNDLE_IDENTIFIER = com.angeladyrda.swiftchartstutorial.SwiftChartsTutorialTests;
				PRODUCT_NAME = "$(TARGET_NAME)";
				SWIFT_VERSION = 5.0;
				TARGETED_DEVICE_FAMILY = "1,2";
				TEST_HOST = "$(BUILT_PRODUCTS_DIR)/SwiftChartsTutorial.app/SwiftChartsTutorial";
			};
			name = Release;
		};
		7A81141322BAE25600921E40 /* Debug */ = {
			isa = XCBuildConfiguration;
			buildSettings = {
				ALWAYS_EMBED_SWIFT_STANDARD_LIBRARIES = YES;
				CODE_SIGN_STYLE = Automatic;
				DEVELOPMENT_TEAM = 2D36RY7798;
				INFOPLIST_FILE = SwiftChartsTutorialUITests/Info.plist;
				LD_RUNPATH_SEARCH_PATHS = (
					"$(inherited)",
					"@executable_path/Frameworks",
					"@loader_path/Frameworks",
				);
				PRODUCT_BUNDLE_IDENTIFIER = com.angeladyrda.swiftchartstutorial.SwiftChartsTutorialUITests;
				PRODUCT_NAME = "$(TARGET_NAME)";
				SWIFT_VERSION = 5.0;
				TARGETED_DEVICE_FAMILY = "1,2";
				TEST_TARGET_NAME = SwiftChartsTutorial;
			};
			name = Debug;
		};
		7A81141422BAE25600921E40 /* Release */ = {
			isa = XCBuildConfiguration;
			buildSettings = {
				ALWAYS_EMBED_SWIFT_STANDARD_LIBRARIES = YES;
				CODE_SIGN_STYLE = Automatic;
				DEVELOPMENT_TEAM = 2D36RY7798;
				INFOPLIST_FILE = SwiftChartsTutorialUITests/Info.plist;
				LD_RUNPATH_SEARCH_PATHS = (
					"$(inherited)",
					"@executable_path/Frameworks",
					"@loader_path/Frameworks",
				);
				PRODUCT_BUNDLE_IDENTIFIER = com.angeladyrda.swiftchartstutorial.SwiftChartsTutorialUITests;
				PRODUCT_NAME = "$(TARGET_NAME)";
				SWIFT_VERSION = 5.0;
				TARGETED_DEVICE_FAMILY = "1,2";
				TEST_TARGET_NAME = SwiftChartsTutorial;
			};
			name = Release;
		};
/* End XCBuildConfiguration section */

/* Begin XCConfigurationList section */
		7A8113DF22BAE25500921E40 /* Build configuration list for PBXProject "SwiftChartsTutorial" */ = {
			isa = XCConfigurationList;
			buildConfigurations = (
				7A81140A22BAE25600921E40 /* Debug */,
				7A81140B22BAE25600921E40 /* Release */,
			);
			defaultConfigurationIsVisible = 0;
			defaultConfigurationName = Release;
		};
		7A81140C22BAE25600921E40 /* Build configuration list for PBXNativeTarget "SwiftChartsTutorial" */ = {
			isa = XCConfigurationList;
			buildConfigurations = (
				7A81140D22BAE25600921E40 /* Debug */,
				7A81140E22BAE25600921E40 /* Release */,
			);
			defaultConfigurationIsVisible = 0;
			defaultConfigurationName = Release;
		};
		7A81140F22BAE25600921E40 /* Build configuration list for PBXNativeTarget "SwiftChartsTutorialTests" */ = {
			isa = XCConfigurationList;
			buildConfigurations = (
				7A81141022BAE25600921E40 /* Debug */,
				7A81141122BAE25600921E40 /* Release */,
			);
			defaultConfigurationIsVisible = 0;
			defaultConfigurationName = Release;
		};
		7A81141222BAE25600921E40 /* Build configuration list for PBXNativeTarget "SwiftChartsTutorialUITests" */ = {
			isa = XCConfigurationList;
			buildConfigurations = (
				7A81141322BAE25600921E40 /* Debug */,
				7A81141422BAE25600921E40 /* Release */,
			);
			defaultConfigurationIsVisible = 0;
			defaultConfigurationName = Release;
		};
/* End XCConfigurationList section */
	};
	rootObject = 7A8113DC22BAE25500921E40 /* Project object */;
}
